
Microsoft Visual Studio Solution File, Format Version 12.00
# Visual Studio Version 17
VisualStudioVersion = 17.8.34227.203
MinimumVisualStudioVersion = 10.0.40219.1
Project("{FAE04EC0-301F-11D3-BF4B-00C04F79EFBC}") = "ParentToChildCommunicationUsingCascadingValue", "ParentToChildCommunicationUsingCascadingValue\ParentToChildCommunicationUsingCascadingValue.csproj", "{A1C0431E-7A7D-4B4B-96AC-7654AE178FED}"
EndProject
Global
	GlobalSection(SolutionConfigurationPlatforms) = preSolution
		Debug|Any CPU = Debug|Any CPU
		Release|Any CPU = Release|Any CPU
	EndGlobalSection
	GlobalSection(ProjectConfigurationPlatforms) = postSolution
		{A1C0431E-7A7D-4B4B-96AC-7654AE178FED}.Debug|Any CPU.ActiveCfg = Debug|Any CPU
		{A1C0431E-7A7D-4B4B-96AC-7654AE178FED}.Debug|Any CPU.Build.0 = Debug|Any CPU
		{A1C0431E-7A7D-4B4B-96AC-7654AE178FED}.Release|Any CPU.ActiveCfg = Release|Any CPU
		{A1C0431E-7A7D-4B4B-96AC-7654AE178FED}.Release|Any CPU.Build.0 = Release|Any CPU
	EndGlobalSection
	GlobalSection(SolutionProperties) = preSolution
		HideSolutionNode = FALSE
	EndGlobalSection
	GlobalSection(ExtensibilityGlobals) = postSolution
		SolutionGuid = {6740690D-985A-4A9C-8D58-E79E0BEB0AA5}
	EndGlobalSection
EndGlobal
